
Microsoft Visual Studio Solution File, Format Version 12.00
# Visual Studio 14
VisualStudioVersion = 14.0.23107.0
MinimumVisualStudioVersion = 10.0.40219.1
Project("{D2ABAB84-BF74-430A-B69E-9DC6D40DDA17}") = "Coupon_SSAS", "Coupon_SSAS\Coupon_SSAS.dwproj", "{4DE4DC88-0D04-47CE-8198-A736627ABDD6}"
EndProject
Global
	GlobalSection(SolutionConfigurationPlatforms) = preSolution
		Development|Default = Development|Default
	EndGlobalSection
	GlobalSection(ProjectConfigurationPlatforms) = postSolution
		{4DE4DC88-0D04-47CE-8198-A736627ABDD6}.Development|Default.ActiveCfg = Development
		{4DE4DC88-0D04-47CE-8198-A736627ABDD6}.Development|Default.Build.0 = Development
		{4DE4DC88-0D04-47CE-8198-A736627ABDD6}.Development|Default.Deploy.0 = Development
	EndGlobalSection
	GlobalSection(SolutionProperties) = preSolution
		HideSolutionNode = FALSE
	EndGlobalSection
EndGlobal
